{
  "nodes": {
    "nixpkgs": {
      "locked": {
        "lastModified": 1728480597,
        "narHash": "sha256-kkfBWi8d6X3G5ZdpYKt4jtdpBP5cWZxZnLFrpqbqdfs=",
        "owner": "NixOS",
        "repo": "nixpkgs",
        "rev": "38d328e7a629a31522de3919d1ac04c7aa561cf7",
        "type": "github"
      },
      "original": {
        "owner": "NixOS",
        "repo": "nixpkgs",
        "type": "github"
      }
    },
    "root": {
      "inputs": {
        "nixpkgs": "nixpkgs"
      }
    }
  },
  "root": "root",
  "version": 7
}
